
Microsoft Visual Studio Solution File, Format Version 12.00
# Visual Studio 14
VisualStudioVersion = 14.0.23107.0
MinimumVisualStudioVersion = 10.0.40219.1
Project("{F2A71F9B-5D33-465A-A702-920D77279786}") = "ScrapyFSharp", "ScrapyFSharp\ScrapyFSharp.fsproj", "{3B9CA4CE-0360-4E6A-BC4F-5B23DB953151}"
EndProject
Project("{2150E333-8FDC-42A3-9474-1A3956D46DE8}") = ".paket", ".paket", "{6BDB8C4E-92BF-4A7A-93EA-3F286D0B6BDA}"
	ProjectSection(SolutionItems) = preProject
		.paket\paket.bootstrapper.exe = .paket\paket.bootstrapper.exe
		.paket\paket.exe = .paket\paket.exe
		.paket\paket.targets = .paket\paket.targets
	EndProjectSection
EndProject
Project("{2150E333-8FDC-42A3-9474-1A3956D46DE8}") = "Files", "Files", "{8D71D032-9F10-49C2-ABC7-B7FA021A6CA8}"
	ProjectSection(SolutionItems) = preProject
		Files\File1.html = Files\File1.html
		Files\jquery.smartbanner.css = Files\jquery.smartbanner.css
	EndProjectSection
EndProject
Project("{2150E333-8FDC-42A3-9474-1A3956D46DE8}") = "Examples", "Examples", "{E7526E19-2D35-47A2-A34C-35376AFC5880}"
	ProjectSection(SolutionItems) = preProject
		HtmlCssSelectorsExample.fsx = HtmlCssSelectorsExample.fsx
		NetworkExample.fsx = NetworkExample.fsx
	EndProjectSection
EndProject
Global
	GlobalSection(SolutionConfigurationPlatforms) = preSolution
		Debug|Any CPU = Debug|Any CPU
		Release|Any CPU = Release|Any CPU
	EndGlobalSection
	GlobalSection(ProjectConfigurationPlatforms) = postSolution
		{3B9CA4CE-0360-4E6A-BC4F-5B23DB953151}.Debug|Any CPU.ActiveCfg = Debug|Any CPU
		{3B9CA4CE-0360-4E6A-BC4F-5B23DB953151}.Debug|Any CPU.Build.0 = Debug|Any CPU
		{3B9CA4CE-0360-4E6A-BC4F-5B23DB953151}.Release|Any CPU.ActiveCfg = Release|Any CPU
		{3B9CA4CE-0360-4E6A-BC4F-5B23DB953151}.Release|Any CPU.Build.0 = Release|Any CPU
	EndGlobalSection
	GlobalSection(SolutionProperties) = preSolution
		HideSolutionNode = FALSE
	EndGlobalSection
EndGlobal
